
Microsoft Visual Studio Solution File, Format Version 12.00
# Visual Studio Version 17
VisualStudioVersion = 17.8.34408.163
MinimumVisualStudioVersion = 10.0.40219.1
Project("{FAE04EC0-301F-11D3-BF4B-00C04F79EFBC}") = "CRUD-API", "CRUD-API\CRUD-API.csproj", "{EF19C536-367E-44AC-8FDE-63A8113CD899}"
EndProject
Global
	GlobalSection(SolutionConfigurationPlatforms) = preSolution
		Debug|Any CPU = Debug|Any CPU
		Release|Any CPU = Release|Any CPU
	EndGlobalSection
	GlobalSection(ProjectConfigurationPlatforms) = postSolution
		{EF19C536-367E-44AC-8FDE-63A8113CD899}.Debug|Any CPU.ActiveCfg = Debug|Any CPU
		{EF19C536-367E-44AC-8FDE-63A8113CD899}.Debug|Any CPU.Build.0 = Debug|Any CPU
		{EF19C536-367E-44AC-8FDE-63A8113CD899}.Release|Any CPU.ActiveCfg = Release|Any CPU
		{EF19C536-367E-44AC-8FDE-63A8113CD899}.Release|Any CPU.Build.0 = Release|Any CPU
	EndGlobalSection
	GlobalSection(SolutionProperties) = preSolution
		HideSolutionNode = FALSE
	EndGlobalSection
	GlobalSection(ExtensibilityGlobals) = postSolution
		SolutionGuid = {B5FEB0DA-6C4E-4D32-B3B3-C1143C650689}
	EndGlobalSection
EndGlobal
